
Microsoft Visual Studio Solution File, Format Version 12.00
# Visual Studio 15
Project("{FAE04EC0-301F-11D3-BF4B-00C04F79EFBC}") = "Unity.Localization", "Unity.Localization.csproj", "{B09EF8D8-7569-26D1-DB18-B27F67A342EB}"
EndProject
Project("{FAE04EC0-301F-11D3-BF4B-00C04F79EFBC}") = "Unity.PgLocalization.Excel", "Unity.PgLocalization.Excel.csproj", "{2EFA9977-615C-F813-9A42-A30F37CF9BA2}"
EndProject
Project("{FAE04EC0-301F-11D3-BF4B-00C04F79EFBC}") = "Unity.Localization.Editor", "Unity.Localization.Editor.csproj", "{2B7C9130-070F-A5F0-8139-B7667D0C82AF}"
EndProject
Project("{FAE04EC0-301F-11D3-BF4B-00C04F79EFBC}") = "Unity.Localization", "Unity.Localization.Player.csproj", "{A74BBAAA-130E-2C64-DDE1-58CC8B01BBF4}"
EndProject
Global
	GlobalSection(SolutionConfigurationPlatforms) = preSolution
		Debug|Any CPU = Debug|Any CPU
		Release|Any CPU = Release|Any CPU
	EndGlobalSection
	GlobalSection(ProjectConfigurationPlatforms) = postSolution
		{B09EF8D8-7569-26D1-DB18-B27F67A342EB}.Debug|Any CPU.ActiveCfg = Debug|Any CPU
		{B09EF8D8-7569-26D1-DB18-B27F67A342EB}.Debug|Any CPU.Build.0 = Debug|Any CPU
		{B09EF8D8-7569-26D1-DB18-B27F67A342EB}.Release|Any CPU.ActiveCfg = Release|Any CPU
		{B09EF8D8-7569-26D1-DB18-B27F67A342EB}.Release|Any CPU.Build.0 = Release|Any CPU
		{2EFA9977-615C-F813-9A42-A30F37CF9BA2}.Debug|Any CPU.ActiveCfg = Debug|Any CPU
		{2EFA9977-615C-F813-9A42-A30F37CF9BA2}.Debug|Any CPU.Build.0 = Debug|Any CPU
		{2EFA9977-615C-F813-9A42-A30F37CF9BA2}.Release|Any CPU.ActiveCfg = Release|Any CPU
		{2EFA9977-615C-F813-9A42-A30F37CF9BA2}.Release|Any CPU.Build.0 = Release|Any CPU
		{2B7C9130-070F-A5F0-8139-B7667D0C82AF}.Debug|Any CPU.ActiveCfg = Debug|Any CPU
		{2B7C9130-070F-A5F0-8139-B7667D0C82AF}.Debug|Any CPU.Build.0 = Debug|Any CPU
		{2B7C9130-070F-A5F0-8139-B7667D0C82AF}.Release|Any CPU.ActiveCfg = Release|Any CPU
		{2B7C9130-070F-A5F0-8139-B7667D0C82AF}.Release|Any CPU.Build.0 = Release|Any CPU
		{A74BBAAA-130E-2C64-DDE1-58CC8B01BBF4}.Debug|Any CPU.ActiveCfg = Debug|Any CPU
		{A74BBAAA-130E-2C64-DDE1-58CC8B01BBF4}.Debug|Any CPU.Build.0 = Debug|Any CPU
		{A74BBAAA-130E-2C64-DDE1-58CC8B01BBF4}.Release|Any CPU.ActiveCfg = Release|Any CPU
		{A74BBAAA-130E-2C64-DDE1-58CC8B01BBF4}.Release|Any CPU.Build.0 = Release|Any CPU
	EndGlobalSection
	GlobalSection(SolutionProperties) = preSolution
		HideSolutionNode = FALSE
	EndGlobalSection
EndGlobal
